// !$*UTF8*$!
{
	archiveVersion = 1;
	classes = {
	};
	objectVersion = 56;
	objects = {

/* Begin PBXBuildFile section */
		1DB0EFC1289A3CD576CF8D9C /* Pods_MyRecipeApp.framework in Frameworks */ = {isa = PBXBuildFile; fileRef = 13CC7019D6C632E6B982C714 /* Pods_MyRecipeApp.framework */; };
		342012AF2AB8563C00E09A71 /* AppDelegate.swift in Sources */ = {isa = PBXBuildFile; fileRef = 342012AE2AB8563C00E09A71 /* AppDelegate.swift */; };
		342012B82AB8563E00E09A71 /* Assets.xcassets in Resources */ = {isa = PBXBuildFile; fileRef = 342012B72AB8563E00E09A71 /* Assets.xcassets */; };
		342012BB2AB8563E00E09A71 /* LaunchScreen.storyboard in Resources */ = {isa = PBXBuildFile; fileRef = 342012B92AB8563E00E09A71 /* LaunchScreen.storyboard */; };
		342012C62AB8563E00E09A71 /* MyRecipeAppTests.swift in Sources */ = {isa = PBXBuildFile; fileRef = 342012C52AB8563E00E09A71 /* MyRecipeAppTests.swift */; };
		342012E22AB85FD300E09A71 /* SignIn.storyboard in Resources */ = {isa = PBXBuildFile; fileRef = 342012E12AB85FD300E09A71 /* SignIn.storyboard */; };
		342012E82AB86A1100E09A71 /* R.generated.swift in Sources */ = {isa = PBXBuildFile; fileRef = 342012E72AB86A1100E09A71 /* R.generated.swift */; };
		342012EB2AB86BA500E09A71 /* SignInController.swift in Sources */ = {isa = PBXBuildFile; fileRef = 342012EA2AB86BA500E09A71 /* SignInController.swift */; };
		342012EF2AB8838500E09A71 /* UITextFieldExtension.swift in Sources */ = {isa = PBXBuildFile; fileRef = 342012EE2AB8838500E09A71 /* UITextFieldExtension.swift */; };
		342012F12AB88F3300E09A71 /* SignInViewModel.swift in Sources */ = {isa = PBXBuildFile; fileRef = 342012F02AB88F3300E09A71 /* SignInViewModel.swift */; };
		342012F32AB8902200E09A71 /* RegisterController.swift in Sources */ = {isa = PBXBuildFile; fileRef = 342012F22AB8902200E09A71 /* RegisterController.swift */; };
		342012F52AB8903400E09A71 /* Register.storyboard in Resources */ = {isa = PBXBuildFile; fileRef = 342012F42AB8903400E09A71 /* Register.storyboard */; };
		342012F72AB8951C00E09A71 /* RegisterViewModel.swift in Sources */ = {isa = PBXBuildFile; fileRef = 342012F62AB8951C00E09A71 /* RegisterViewModel.swift */; };
		342012FB2AB8988A00E09A71 /* AlertManager.swift in Sources */ = {isa = PBXBuildFile; fileRef = 342012FA2AB8988A00E09A71 /* AlertManager.swift */; };
		342012FD2AB89C2300E09A71 /* ValidationError.swift in Sources */ = {isa = PBXBuildFile; fileRef = 342012FC2AB89C2300E09A71 /* ValidationError.swift */; };
		342013042AB8A37E00E09A71 /* String+Validator.swift in Sources */ = {isa = PBXBuildFile; fileRef = 342013032AB8A37E00E09A71 /* String+Validator.swift */; };
		8C1D07FAFB4AD53236EB3F5F /* Pods_MyRecipeAppTests.framework in Frameworks */ = {isa = PBXBuildFile; fileRef = 7826A7A7D6299247EA98A3CF /* Pods_MyRecipeAppTests.framework */; };
/* End PBXBuildFile section */

/* Begin PBXContainerItemProxy section */
		342012C22AB8563E00E09A71 /* PBXContainerItemProxy */ = {
			isa = PBXContainerItemProxy;
			containerPortal = 342012A32AB8563C00E09A71 /* Project object */;
			proxyType = 1;
			remoteGlobalIDString = 342012AA2AB8563C00E09A71;
			remoteInfo = MyRecipeApp;
		};
		342012CC2AB8563E00E09A71 /* PBXContainerItemProxy */ = {
			isa = PBXContainerItemProxy;
			containerPortal = 342012A32AB8563C00E09A71 /* Project object */;
			proxyType = 1;
			remoteGlobalIDString = 342012AA2AB8563C00E09A71;
			remoteInfo = MyRecipeApp;
		};
/* End PBXContainerItemProxy section */

/* Begin PBXFileReference section */
		06A54BAA59BA24B9DC30DEC8 /* Pods-MyRecipeAppTests.debug.xcconfig */ = {isa = PBXFileReference; includeInIndex = 1; lastKnownFileType = text.xcconfig; name = "Pods-MyRecipeAppTests.debug.xcconfig"; path = "Target Support Files/Pods-MyRecipeAppTests/Pods-MyRecipeAppTests.debug.xcconfig"; sourceTree = "<group>"; };
		13CC7019D6C632E6B982C714 /* Pods_MyRecipeApp.framework */ = {isa = PBXFileReference; explicitFileType = wrapper.framework; includeInIndex = 0; path = Pods_MyRecipeApp.framework; sourceTree = BUILT_PRODUCTS_DIR; };
		342012AB2AB8563C00E09A71 /* MyRecipeApp.app */ = {isa = PBXFileReference; explicitFileType = wrapper.application; includeInIndex = 0; path = MyRecipeApp.app; sourceTree = BUILT_PRODUCTS_DIR; };
		342012AE2AB8563C00E09A71 /* AppDelegate.swift */ = {isa = PBXFileReference; lastKnownFileType = sourcecode.swift; path = AppDelegate.swift; sourceTree = "<group>"; };
		342012B72AB8563E00E09A71 /* Assets.xcassets */ = {isa = PBXFileReference; lastKnownFileType = folder.assetcatalog; path = Assets.xcassets; sourceTree = "<group>"; };
		342012BA2AB8563E00E09A71 /* Base */ = {isa = PBXFileReference; lastKnownFileType = file.storyboard; name = Base; path = Base.lproj/LaunchScreen.storyboard; sourceTree = "<group>"; };
		342012BC2AB8563E00E09A71 /* Info.plist */ = {isa = PBXFileReference; lastKnownFileType = text.plist.xml; path = Info.plist; sourceTree = "<group>"; };
		342012C12AB8563E00E09A71 /* MyRecipeAppTests.xctest */ = {isa = PBXFileReference; explicitFileType = wrapper.cfbundle; includeInIndex = 0; path = MyRecipeAppTests.xctest; sourceTree = BUILT_PRODUCTS_DIR; };
		342012C52AB8563E00E09A71 /* MyRecipeAppTests.swift */ = {isa = PBXFileReference; lastKnownFileType = sourcecode.swift; path = MyRecipeAppTests.swift; sourceTree = "<group>"; };
		342012CB2AB8563E00E09A71 /* MyRecipeAppUITests.xctest */ = {isa = PBXFileReference; explicitFileType = wrapper.cfbundle; includeInIndex = 0; path = MyRecipeAppUITests.xctest; sourceTree = BUILT_PRODUCTS_DIR; };
		342012E12AB85FD300E09A71 /* SignIn.storyboard */ = {isa = PBXFileReference; lastKnownFileType = file.storyboard; path = SignIn.storyboard; sourceTree = "<group>"; };
		342012E72AB86A1100E09A71 /* R.generated.swift */ = {isa = PBXFileReference; fileEncoding = 4; lastKnownFileType = sourcecode.swift; path = R.generated.swift; sourceTree = "<group>"; };
		342012EA2AB86BA500E09A71 /* SignInController.swift */ = {isa = PBXFileReference; lastKnownFileType = sourcecode.swift; path = SignInController.swift; sourceTree = "<group>"; };
		342012EE2AB8838500E09A71 /* UITextFieldExtension.swift */ = {isa = PBXFileReference; lastKnownFileType = sourcecode.swift; path = UITextFieldExtension.swift; sourceTree = "<group>"; };
		342012F02AB88F3300E09A71 /* SignInViewModel.swift */ = {isa = PBXFileReference; lastKnownFileType = sourcecode.swift; path = SignInViewModel.swift; sourceTree = "<group>"; };
		342012F22AB8902200E09A71 /* RegisterController.swift */ = {isa = PBXFileReference; lastKnownFileType = sourcecode.swift; path = RegisterController.swift; sourceTree = "<group>"; };
		342012F42AB8903400E09A71 /* Register.storyboard */ = {isa = PBXFileReference; lastKnownFileType = file.storyboard; path = Register.storyboard; sourceTree = "<group>"; };
		342012F62AB8951C00E09A71 /* RegisterViewModel.swift */ = {isa = PBXFileReference; lastKnownFileType = sourcecode.swift; path = RegisterViewModel.swift; sourceTree = "<group>"; };
		342012FA2AB8988A00E09A71 /* AlertManager.swift */ = {isa = PBXFileReference; lastKnownFileType = sourcecode.swift; path = AlertManager.swift; sourceTree = "<group>"; };
		342012FC2AB89C2300E09A71 /* ValidationError.swift */ = {isa = PBXFileReference; lastKnownFileType = sourcecode.swift; path = ValidationError.swift; sourceTree = "<group>"; };
		342013032AB8A37E00E09A71 /* String+Validator.swift */ = {isa = PBXFileReference; lastKnownFileType = sourcecode.swift; path = "String+Validator.swift"; sourceTree = "<group>"; };
		4F6EC918DFF488C3996E45DA /* Pods-MyRecipeApp.release.xcconfig */ = {isa = PBXFileReference; includeInIndex = 1; lastKnownFileType = text.xcconfig; name = "Pods-MyRecipeApp.release.xcconfig"; path = "Target Support Files/Pods-MyRecipeApp/Pods-MyRecipeApp.release.xcconfig"; sourceTree = "<group>"; };
		7826A7A7D6299247EA98A3CF /* Pods_MyRecipeAppTests.framework */ = {isa = PBXFileReference; explicitFileType = wrapper.framework; includeInIndex = 0; path = Pods_MyRecipeAppTests.framework; sourceTree = BUILT_PRODUCTS_DIR; };
		9184514AFB2E1EE26393E387 /* Pods-MyRecipeAppTests.release.xcconfig */ = {isa = PBXFileReference; includeInIndex = 1; lastKnownFileType = text.xcconfig; name = "Pods-MyRecipeAppTests.release.xcconfig"; path = "Target Support Files/Pods-MyRecipeAppTests/Pods-MyRecipeAppTests.release.xcconfig"; sourceTree = "<group>"; };
		CE8850D6CF2FA884660A1572 /* Pods-MyRecipeApp.debug.xcconfig */ = {isa = PBXFileReference; includeInIndex = 1; lastKnownFileType = text.xcconfig; name = "Pods-MyRecipeApp.debug.xcconfig"; path = "Target Support Files/Pods-MyRecipeApp/Pods-MyRecipeApp.debug.xcconfig"; sourceTree = "<group>"; };
/* End PBXFileReference section */

/* Begin PBXFrameworksBuildPhase section */
		342012A82AB8563C00E09A71 /* Frameworks */ = {
			isa = PBXFrameworksBuildPhase;
			buildActionMask = 2147483647;
			files = (
				1DB0EFC1289A3CD576CF8D9C /* Pods_MyRecipeApp.framework in Frameworks */,
			);
			runOnlyForDeploymentPostprocessing = 0;
		};
		342012BE2AB8563E00E09A71 /* Frameworks */ = {
			isa = PBXFrameworksBuildPhase;
			buildActionMask = 2147483647;
			files = (
				8C1D07FAFB4AD53236EB3F5F /* Pods_MyRecipeAppTests.framework in Frameworks */,
			);
			runOnlyForDeploymentPostprocessing = 0;
		};
		342012C82AB8563E00E09A71 /* Frameworks */ = {
			isa = PBXFrameworksBuildPhase;
			buildActionMask = 2147483647;
			files = (
			);
			runOnlyForDeploymentPostprocessing = 0;
		};
/* End PBXFrameworksBuildPhase section */

/* Begin PBXGroup section */
		13520CFF2EAB55B0BE2F580F /* Pods */ = {
			isa = PBXGroup;
			children = (
				CE8850D6CF2FA884660A1572 /* Pods-MyRecipeApp.debug.xcconfig */,
				4F6EC918DFF488C3996E45DA /* Pods-MyRecipeApp.release.xcconfig */,
				06A54BAA59BA24B9DC30DEC8 /* Pods-MyRecipeAppTests.debug.xcconfig */,
				9184514AFB2E1EE26393E387 /* Pods-MyRecipeAppTests.release.xcconfig */,
			);
			path = Pods;
			sourceTree = "<group>";
		};
		342012A22AB8563C00E09A71 = {
			isa = PBXGroup;
			children = (
				342012AD2AB8563C00E09A71 /* MyRecipeApp */,
				342012C42AB8563E00E09A71 /* MyRecipeAppTests */,
				342012AC2AB8563C00E09A71 /* Products */,
				13520CFF2EAB55B0BE2F580F /* Pods */,
				364FFC8E83D3C7F916EF10B3 /* Frameworks */,
			);
			sourceTree = "<group>";
		};
		342012AC2AB8563C00E09A71 /* Products */ = {
			isa = PBXGroup;
			children = (
				342012AB2AB8563C00E09A71 /* MyRecipeApp.app */,
				342012C12AB8563E00E09A71 /* MyRecipeAppTests.xctest */,
				342012CB2AB8563E00E09A71 /* MyRecipeAppUITests.xctest */,
			);
			name = Products;
			sourceTree = "<group>";
		};
		342012AD2AB8563C00E09A71 /* MyRecipeApp */ = {
			isa = PBXGroup;
			children = (
				342012E92AB86A4C00E09A71 /* AppDelegate */,
				342012F82AB8983B00E09A71 /* Shared */,
				342012DE2AB85F8600E09A71 /* Screen */,
				342012B92AB8563E00E09A71 /* LaunchScreen.storyboard */,
				342012E52AB8673900E09A71 /* Helpers */,
				342012E42AB8670B00E09A71 /* Resources */,
			);
			path = MyRecipeApp;
			sourceTree = "<group>";
		};
		342012C42AB8563E00E09A71 /* MyRecipeAppTests */ = {
			isa = PBXGroup;
			children = (
				342012C52AB8563E00E09A71 /* MyRecipeAppTests.swift */,
			);
			path = MyRecipeAppTests;
			sourceTree = "<group>";
		};
		342012DE2AB85F8600E09A71 /* Screen */ = {
			isa = PBXGroup;
			children = (
				342012E02AB85F9900E09A71 /* RegisterController */,
				342012DF2AB85F8E00E09A71 /* SignInController */,
			);
			path = Screen;
			sourceTree = "<group>";
		};
		342012DF2AB85F8E00E09A71 /* SignInController */ = {
			isa = PBXGroup;
			children = (
				342013052AB8A60E00E09A71 /* ViewModels */,
				342012EA2AB86BA500E09A71 /* SignInController.swift */,
				342012E12AB85FD300E09A71 /* SignIn.storyboard */,
			);
			path = SignInController;
			sourceTree = "<group>";
		};
		342012E02AB85F9900E09A71 /* RegisterController */ = {
			isa = PBXGroup;
			children = (
				342013062AB8A61B00E09A71 /* ViewModels */,
				342012F22AB8902200E09A71 /* RegisterController.swift */,
				342012F42AB8903400E09A71 /* Register.storyboard */,
			);
			path = RegisterController;
			sourceTree = "<group>";
		};
		342012E42AB8670B00E09A71 /* Resources */ = {
			isa = PBXGroup;
			children = (
				342012B72AB8563E00E09A71 /* Assets.xcassets */,
				342012BC2AB8563E00E09A71 /* Info.plist */,
			);
			path = Resources;
			sourceTree = "<group>";
		};
		342012E52AB8673900E09A71 /* Helpers */ = {
			isa = PBXGroup;
			children = (
				342012FE2AB8A22800E09A71 /* Enums */,
				342012EC2AB8834E00E09A71 /* Extensions */,
				342012E62AB8674600E09A71 /* R-Swift */,
			);
			path = Helpers;
			sourceTree = "<group>";
		};
		342012E62AB8674600E09A71 /* R-Swift */ = {
			isa = PBXGroup;
			children = (
				342012E72AB86A1100E09A71 /* R.generated.swift */,
			);
			path = "R-Swift";
			sourceTree = "<group>";
		};
		342012E92AB86A4C00E09A71 /* AppDelegate */ = {
			isa = PBXGroup;
			children = (
				342012AE2AB8563C00E09A71 /* AppDelegate.swift */,
			);
			path = AppDelegate;
			sourceTree = "<group>";
		};
		342012EC2AB8834E00E09A71 /* Extensions */ = {
			isa = PBXGroup;
			children = (
				342013012AB8A35700E09A71 /* Foundation */,
				342013002AB8A34900E09A71 /* UIKit */,
				342012FF2AB8A33200E09A71 /* New Group */,
			);
			path = Extensions;
			sourceTree = "<group>";
		};
		342012ED2AB8835400E09A71 /* UITextField */ = {
			isa = PBXGroup;
			children = (
				342012EE2AB8838500E09A71 /* UITextFieldExtension.swift */,
			);
			path = UITextField;
			sourceTree = "<group>";
		};
		342012F82AB8983B00E09A71 /* Shared */ = {
			isa = PBXGroup;
			children = (
				342012F92AB8987500E09A71 /* AlertManager */,
			);
			path = Shared;
			sourceTree = "<group>";
		};
		342012F92AB8987500E09A71 /* AlertManager */ = {
			isa = PBXGroup;
			children = (
				342012FA2AB8988A00E09A71 /* AlertManager.swift */,
			);
			path = AlertManager;
			sourceTree = "<group>";
		};
		342012FE2AB8A22800E09A71 /* Enums */ = {
			isa = PBXGroup;
			children = (
				342012FC2AB89C2300E09A71 /* ValidationError.swift */,
			);
			path = Enums;
			sourceTree = "<group>";
		};
		342012FF2AB8A33200E09A71 /* New Group */ = {
			isa = PBXGroup;
			children = (
			);
			path = "New Group";
			sourceTree = "<group>";
		};
		342013002AB8A34900E09A71 /* UIKit */ = {
			isa = PBXGroup;
			children = (
				342012ED2AB8835400E09A71 /* UITextField */,
			);
			path = UIKit;
			sourceTree = "<group>";
		};
		342013012AB8A35700E09A71 /* Foundation */ = {
			isa = PBXGroup;
			children = (
				342013022AB8A36900E09A71 /* String */,
			);
			path = Foundation;
			sourceTree = "<group>";
		};
		342013022AB8A36900E09A71 /* String */ = {
			isa = PBXGroup;
			children = (
				342013032AB8A37E00E09A71 /* String+Validator.swift */,
			);
			path = String;
			sourceTree = "<group>";
		};
		342013052AB8A60E00E09A71 /* ViewModels */ = {
			isa = PBXGroup;
			children = (
				342012F02AB88F3300E09A71 /* SignInViewModel.swift */,
			);
			path = ViewModels;
			sourceTree = "<group>";
		};
		342013062AB8A61B00E09A71 /* ViewModels */ = {
			isa = PBXGroup;
			children = (
				342012F62AB8951C00E09A71 /* RegisterViewModel.swift */,
			);
			path = ViewModels;
			sourceTree = "<group>";
		};
		364FFC8E83D3C7F916EF10B3 /* Frameworks */ = {
			isa = PBXGroup;
			children = (
				13CC7019D6C632E6B982C714 /* Pods_MyRecipeApp.framework */,
				7826A7A7D6299247EA98A3CF /* Pods_MyRecipeAppTests.framework */,
			);
			name = Frameworks;
			sourceTree = "<group>";
		};
/* End PBXGroup section */

/* Begin PBXNativeTarget section */
		342012AA2AB8563C00E09A71 /* MyRecipeApp */ = {
			isa = PBXNativeTarget;
			buildConfigurationList = 342012D52AB8563E00E09A71 /* Build configuration list for PBXNativeTarget "MyRecipeApp" */;
			buildPhases = (
				F027E60CBA364A553181BD85 /* [CP] Check Pods Manifest.lock */,
				342012E32AB8667700E09A71 /* R.Swift */,
				342012A72AB8563C00E09A71 /* Sources */,
				342012A82AB8563C00E09A71 /* Frameworks */,
				342012A92AB8563C00E09A71 /* Resources */,
				E3AEE3EBB07DCE02E6F9BD79 /* [CP] Embed Pods Frameworks */,
			);
			buildRules = (
			);
			dependencies = (
			);
			name = MyRecipeApp;
			productName = MyRecipeApp;
			productReference = 342012AB2AB8563C00E09A71 /* MyRecipeApp.app */;
			productType = "com.apple.product-type.application";
		};
		342012C02AB8563E00E09A71 /* MyRecipeAppTests */ = {
			isa = PBXNativeTarget;
			buildConfigurationList = 342012D82AB8563E00E09A71 /* Build configuration list for PBXNativeTarget "MyRecipeAppTests" */;
			buildPhases = (
				55BEC3A811A4711A94EA0BF8 /* [CP] Check Pods Manifest.lock */,
				342012BD2AB8563E00E09A71 /* Sources */,
				342012BE2AB8563E00E09A71 /* Frameworks */,
				342012BF2AB8563E00E09A71 /* Resources */,
			);
			buildRules = (
			);
			dependencies = (
				342012C32AB8563E00E09A71 /* PBXTargetDependency */,
			);
			name = MyRecipeAppTests;
			productName = MyRecipeAppTests;
			productReference = 342012C12AB8563E00E09A71 /* MyRecipeAppTests.xctest */;
			productType = "com.apple.product-type.bundle.unit-test";
		};
		342012CA2AB8563E00E09A71 /* MyRecipeAppUITests */ = {
			isa = PBXNativeTarget;
			buildConfigurationList = 342012DB2AB8563E00E09A71 /* Build configuration list for PBXNativeTarget "MyRecipeAppUITests" */;
			buildPhases = (
				342012C72AB8563E00E09A71 /* Sources */,
				342012C82AB8563E00E09A71 /* Frameworks */,
				342012C92AB8563E00E09A71 /* Resources */,
			);
			buildRules = (
			);
			dependencies = (
				342012CD2AB8563E00E09A71 /* PBXTargetDependency */,
			);
			name = MyRecipeAppUITests;
			productName = MyRecipeAppUITests;
			productReference = 342012CB2AB8563E00E09A71 /* MyRecipeAppUITests.xctest */;
			productType = "com.apple.product-type.bundle.ui-testing";
		};
/* End PBXNativeTarget section */

/* Begin PBXProject section */
		342012A32AB8563C00E09A71 /* Project object */ = {
			isa = PBXProject;
			attributes = {
				BuildIndependentTargetsInParallel = 1;
				LastSwiftUpdateCheck = 1430;
				LastUpgradeCheck = 1430;
				TargetAttributes = {
					342012AA2AB8563C00E09A71 = {
						CreatedOnToolsVersion = 14.3.1;
					};
					342012C02AB8563E00E09A71 = {
						CreatedOnToolsVersion = 14.3.1;
						TestTargetID = 342012AA2AB8563C00E09A71;
					};
					342012CA2AB8563E00E09A71 = {
						CreatedOnToolsVersion = 14.3.1;
						TestTargetID = 342012AA2AB8563C00E09A71;
					};
				};
			};
			buildConfigurationList = 342012A62AB8563C00E09A71 /* Build configuration list for PBXProject "MyRecipeApp" */;
			compatibilityVersion = "Xcode 14.0";
			developmentRegion = en;
			hasScannedForEncodings = 0;
			knownRegions = (
				en,
				Base,
			);
			mainGroup = 342012A22AB8563C00E09A71;
			productRefGroup = 342012AC2AB8563C00E09A71 /* Products */;
			projectDirPath = "";
			projectRoot = "";
			targets = (
				342012AA2AB8563C00E09A71 /* MyRecipeApp */,
				342012C02AB8563E00E09A71 /* MyRecipeAppTests */,
				342012CA2AB8563E00E09A71 /* MyRecipeAppUITests */,
			);
		};
/* End PBXProject section */

/* Begin PBXResourcesBuildPhase section */
		342012A92AB8563C00E09A71 /* Resources */ = {
			isa = PBXResourcesBuildPhase;
			buildActionMask = 2147483647;
			files = (
				342012E22AB85FD300E09A71 /* SignIn.storyboard in Resources */,
				342012BB2AB8563E00E09A71 /* LaunchScreen.storyboard in Resources */,
				342012B82AB8563E00E09A71 /* Assets.xcassets in Resources */,
				342012F52AB8903400E09A71 /* Register.storyboard in Resources */,
			);
			runOnlyForDeploymentPostprocessing = 0;
		};
		342012BF2AB8563E00E09A71 /* Resources */ = {
			isa = PBXResourcesBuildPhase;
			buildActionMask = 2147483647;
			files = (
			);
			runOnlyForDeploymentPostprocessing = 0;
		};
		342012C92AB8563E00E09A71 /* Resources */ = {
			isa = PBXResourcesBuildPhase;
			buildActionMask = 2147483647;
			files = (
			);
			runOnlyForDeploymentPostprocessing = 0;
		};
/* End PBXResourcesBuildPhase section */

/* Begin PBXShellScriptBuildPhase section */
		342012E32AB8667700E09A71 /* R.Swift */ = {
			isa = PBXShellScriptBuildPhase;
			alwaysOutOfDate = 1;
			buildActionMask = 2147483647;
			files = (
			);
			inputFileListPaths = (
			);
			inputPaths = (
			);
			name = R.Swift;
			outputFileListPaths = (
			);
			outputPaths = (
				"$SRCROOT/MyRecipeApp/Helpers/R-Swift/R.generated.swift",
			);
			runOnlyForDeploymentPostprocessing = 0;
			shellPath = /bin/sh;
			shellScript = "\"$PODS_ROOT/R.swift/rswift\" generate \"$SRCROOT/MyRecipeApp/Helpers/R-Swift/R.generated.swift\"\n";
		};
		55BEC3A811A4711A94EA0BF8 /* [CP] Check Pods Manifest.lock */ = {
			isa = PBXShellScriptBuildPhase;
			buildActionMask = 2147483647;
			files = (
			);
			inputFileListPaths = (
			);
			inputPaths = (
				"${PODS_PODFILE_DIR_PATH}/Podfile.lock",
				"${PODS_ROOT}/Manifest.lock",
			);
			name = "[CP] Check Pods Manifest.lock";
			outputFileListPaths = (
			);
			outputPaths = (
				"$(DERIVED_FILE_DIR)/Pods-MyRecipeAppTests-checkManifestLockResult.txt",
			);
			runOnlyForDeploymentPostprocessing = 0;
			shellPath = /bin/sh;
			shellScript = "diff \"${PODS_PODFILE_DIR_PATH}/Podfile.lock\" \"${PODS_ROOT}/Manifest.lock\" > /dev/null\nif [ $? != 0 ] ; then\n    # print error to STDERR\n    echo \"error: The sandbox is not in sync with the Podfile.lock. Run 'pod install' or update your CocoaPods installation.\" >&2\n    exit 1\nfi\n# This output is used by Xcode 'outputs' to avoid re-running this script phase.\necho \"SUCCESS\" > \"${SCRIPT_OUTPUT_FILE_0}\"\n";
			showEnvVarsInLog = 0;
		};
		E3AEE3EBB07DCE02E6F9BD79 /* [CP] Embed Pods Frameworks */ = {
			isa = PBXShellScriptBuildPhase;
			buildActionMask = 2147483647;
			files = (
			);
			inputFileListPaths = (
				"${PODS_ROOT}/Target Support Files/Pods-MyRecipeApp/Pods-MyRecipeApp-frameworks-${CONFIGURATION}-input-files.xcfilelist",
			);
			name = "[CP] Embed Pods Frameworks";
			outputFileListPaths = (
				"${PODS_ROOT}/Target Support Files/Pods-MyRecipeApp/Pods-MyRecipeApp-frameworks-${CONFIGURATION}-output-files.xcfilelist",
			);
			runOnlyForDeploymentPostprocessing = 0;
			shellPath = /bin/sh;
			shellScript = "\"${PODS_ROOT}/Target Support Files/Pods-MyRecipeApp/Pods-MyRecipeApp-frameworks.sh\"\n";
			showEnvVarsInLog = 0;
		};
		F027E60CBA364A553181BD85 /* [CP] Check Pods Manifest.lock */ = {
			isa = PBXShellScriptBuildPhase;
			buildActionMask = 2147483647;
			files = (
			);
			inputFileListPaths = (
			);
			inputPaths = (
				"${PODS_PODFILE_DIR_PATH}/Podfile.lock",
				"${PODS_ROOT}/Manifest.lock",
			);
			name = "[CP] Check Pods Manifest.lock";
			outputFileListPaths = (
			);
			outputPaths = (
				"$(DERIVED_FILE_DIR)/Pods-MyRecipeApp-checkManifestLockResult.txt",
			);
			runOnlyForDeploymentPostprocessing = 0;
			shellPath = /bin/sh;
			shellScript = "diff \"${PODS_PODFILE_DIR_PATH}/Podfile.lock\" \"${PODS_ROOT}/Manifest.lock\" > /dev/null\nif [ $? != 0 ] ; then\n    # print error to STDERR\n    echo \"error: The sandbox is not in sync with the Podfile.lock. Run 'pod install' or update your CocoaPods installation.\" >&2\n    exit 1\nfi\n# This output is used by Xcode 'outputs' to avoid re-running this script phase.\necho \"SUCCESS\" > \"${SCRIPT_OUTPUT_FILE_0}\"\n";
			showEnvVarsInLog = 0;
		};
/* End PBXShellScriptBuildPhase section */

/* Begin PBXSourcesBuildPhase section */
		342012A72AB8563C00E09A71 /* Sources */ = {
			isa = PBXSourcesBuildPhase;
			buildActionMask = 2147483647;
			files = (
				342012FB2AB8988A00E09A71 /* AlertManager.swift in Sources */,
				342013042AB8A37E00E09A71 /* String+Validator.swift in Sources */,
				342012EB2AB86BA500E09A71 /* SignInController.swift in Sources */,
				342012EF2AB8838500E09A71 /* UITextFieldExtension.swift in Sources */,
				342012F72AB8951C00E09A71 /* RegisterViewModel.swift in Sources */,
				342012F32AB8902200E09A71 /* RegisterController.swift in Sources */,
				342012AF2AB8563C00E09A71 /* AppDelegate.swift in Sources */,
				342012E82AB86A1100E09A71 /* R.generated.swift in Sources */,
				342012F12AB88F3300E09A71 /* SignInViewModel.swift in Sources */,
				342012FD2AB89C2300E09A71 /* ValidationError.swift in Sources */,
			);
			runOnlyForDeploymentPostprocessing = 0;
		};
		342012BD2AB8563E00E09A71 /* Sources */ = {
			isa = PBXSourcesBuildPhase;
			buildActionMask = 2147483647;
			files = (
				342012C62AB8563E00E09A71 /* MyRecipeAppTests.swift in Sources */,
			);
			runOnlyForDeploymentPostprocessing = 0;
		};
		342012C72AB8563E00E09A71 /* Sources */ = {
			isa = PBXSourcesBuildPhase;
			buildActionMask = 2147483647;
			files = (
			);
			runOnlyForDeploymentPostprocessing = 0;
		};
/* End PBXSourcesBuildPhase section */

/* Begin PBXTargetDependency section */
		342012C32AB8563E00E09A71 /* PBXTargetDependency */ = {
			isa = PBXTargetDependency;
			target = 342012AA2AB8563C00E09A71 /* MyRecipeApp */;
			targetProxy = 342012C22AB8563E00E09A71 /* PBXContainerItemProxy */;
		};
		342012CD2AB8563E00E09A71 /* PBXTargetDependency */ = {
			isa = PBXTargetDependency;
			target = 342012AA2AB8563C00E09A71 /* MyRecipeApp */;
			targetProxy = 342012CC2AB8563E00E09A71 /* PBXContainerItemProxy */;
		};
/* End PBXTargetDependency section */

/* Begin PBXVariantGroup section */
		342012B92AB8563E00E09A71 /* LaunchScreen.storyboard */ = {
			isa = PBXVariantGroup;
			children = (
				342012BA2AB8563E00E09A71 /* Base */,
			);
			name = LaunchScreen.storyboard;
			sourceTree = "<group>";
		};
/* End PBXVariantGroup section */

/* Begin XCBuildConfiguration section */
		342012D32AB8563E00E09A71 /* Debug */ = {
			isa = XCBuildConfiguration;
			buildSettings = {
				ALWAYS_SEARCH_USER_PATHS = NO;
				CLANG_ANALYZER_NONNULL = YES;
				CLANG_ANALYZER_NUMBER_OBJECT_CONVERSION = YES_AGGRESSIVE;
				CLANG_CXX_LANGUAGE_STANDARD = "gnu++20";
				CLANG_ENABLE_MODULES = YES;
				CLANG_ENABLE_OBJC_ARC = YES;
				CLANG_ENABLE_OBJC_WEAK = YES;
				CLANG_WARN_BLOCK_CAPTURE_AUTORELEASING = YES;
				CLANG_WARN_BOOL_CONVERSION = YES;
				CLANG_WARN_COMMA = YES;
				CLANG_WARN_CONSTANT_CONVERSION = YES;
				CLANG_WARN_DEPRECATED_OBJC_IMPLEMENTATIONS = YES;
				CLANG_WARN_DIRECT_OBJC_ISA_USAGE = YES_ERROR;
				CLANG_WARN_DOCUMENTATION_COMMENTS = YES;
				CLANG_WARN_EMPTY_BODY = YES;
				CLANG_WARN_ENUM_CONVERSION = YES;
				CLANG_WARN_INFINITE_RECURSION = YES;
				CLANG_WARN_INT_CONVERSION = YES;
				CLANG_WARN_NON_LITERAL_NULL_CONVERSION = YES;
				CLANG_WARN_OBJC_IMPLICIT_RETAIN_SELF = YES;
				CLANG_WARN_OBJC_LITERAL_CONVERSION = YES;
				CLANG_WARN_OBJC_ROOT_CLASS = YES_ERROR;
				CLANG_WARN_QUOTED_INCLUDE_IN_FRAMEWORK_HEADER = YES;
				CLANG_WARN_RANGE_LOOP_ANALYSIS = YES;
				CLANG_WARN_STRICT_PROTOTYPES = YES;
				CLANG_WARN_SUSPICIOUS_MOVE = YES;
				CLANG_WARN_UNGUARDED_AVAILABILITY = YES_AGGRESSIVE;
				CLANG_WARN_UNREACHABLE_CODE = YES;
				CLANG_WARN__DUPLICATE_METHOD_MATCH = YES;
				COPY_PHASE_STRIP = NO;
				DEBUG_INFORMATION_FORMAT = dwarf;
				ENABLE_STRICT_OBJC_MSGSEND = YES;
				ENABLE_TESTABILITY = YES;
				GCC_C_LANGUAGE_STANDARD = gnu11;
				GCC_DYNAMIC_NO_PIC = NO;
				GCC_NO_COMMON_BLOCKS = YES;
				GCC_OPTIMIZATION_LEVEL = 0;
				GCC_PREPROCESSOR_DEFINITIONS = (
					"DEBUG=1",
					"$(inherited)",
				);
				GCC_WARN_64_TO_32_BIT_CONVERSION = YES;
				GCC_WARN_ABOUT_RETURN_TYPE = YES_ERROR;
				GCC_WARN_UNDECLARED_SELECTOR = YES;
				GCC_WARN_UNINITIALIZED_AUTOS = YES_AGGRESSIVE;
				GCC_WARN_UNUSED_FUNCTION = YES;
				GCC_WARN_UNUSED_VARIABLE = YES;
				IPHONEOS_DEPLOYMENT_TARGET = 12.0;
				MTL_ENABLE_DEBUG_INFO = INCLUDE_SOURCE;
				MTL_FAST_MATH = YES;
				ONLY_ACTIVE_ARCH = YES;
				SDKROOT = iphoneos;
				SWIFT_ACTIVE_COMPILATION_CONDITIONS = DEBUG;
				SWIFT_OPTIMIZATION_LEVEL = "-Onone";
			};
			name = Debug;
		};
		342012D42AB8563E00E09A71 /* Release */ = {
			isa = XCBuildConfiguration;
			buildSettings = {
				ALWAYS_SEARCH_USER_PATHS = NO;
				CLANG_ANALYZER_NONNULL = YES;
				CLANG_ANALYZER_NUMBER_OBJECT_CONVERSION = YES_AGGRESSIVE;
				CLANG_CXX_LANGUAGE_STANDARD = "gnu++20";
				CLANG_ENABLE_MODULES = YES;
				CLANG_ENABLE_OBJC_ARC = YES;
				CLANG_ENABLE_OBJC_WEAK = YES;
				CLANG_WARN_BLOCK_CAPTURE_AUTORELEASING = YES;
				CLANG_WARN_BOOL_CONVERSION = YES;
				CLANG_WARN_COMMA = YES;
				CLANG_WARN_CONSTANT_CONVERSION = YES;
				CLANG_WARN_DEPRECATED_OBJC_IMPLEMENTATIONS = YES;
				CLANG_WARN_DIRECT_OBJC_ISA_USAGE = YES_ERROR;
				CLANG_WARN_DOCUMENTATION_COMMENTS = YES;
				CLANG_WARN_EMPTY_BODY = YES;
				CLANG_WARN_ENUM_CONVERSION = YES;
				CLANG_WARN_INFINITE_RECURSION = YES;
				CLANG_WARN_INT_CONVERSION = YES;
				CLANG_WARN_NON_LITERAL_NULL_CONVERSION = YES;
				CLANG_WARN_OBJC_IMPLICIT_RETAIN_SELF = YES;
				CLANG_WARN_OBJC_LITERAL_CONVERSION = YES;
				CLANG_WARN_OBJC_ROOT_CLASS = YES_ERROR;
				CLANG_WARN_QUOTED_INCLUDE_IN_FRAMEWORK_HEADER = YES;
				CLANG_WARN_RANGE_LOOP_ANALYSIS = YES;
				CLANG_WARN_STRICT_PROTOTYPES = YES;
				CLANG_WARN_SUSPICIOUS_MOVE = YES;
				CLANG_WARN_UNGUARDED_AVAILABILITY = YES_AGGRESSIVE;
				CLANG_WARN_UNREACHABLE_CODE = YES;
				CLANG_WARN__DUPLICATE_METHOD_MATCH = YES;
				COPY_PHASE_STRIP = NO;
				DEBUG_INFORMATION_FORMAT = "dwarf-with-dsym";
				ENABLE_NS_ASSERTIONS = NO;
				ENABLE_STRICT_OBJC_MSGSEND = YES;
				GCC_C_LANGUAGE_STANDARD = gnu11;
				GCC_NO_COMMON_BLOCKS = YES;
				GCC_WARN_64_TO_32_BIT_CONVERSION = YES;
				GCC_WARN_ABOUT_RETURN_TYPE = YES_ERROR;
				GCC_WARN_UNDECLARED_SELECTOR = YES;
				GCC_WARN_UNINITIALIZED_AUTOS = YES_AGGRESSIVE;
				GCC_WARN_UNUSED_FUNCTION = YES;
				GCC_WARN_UNUSED_VARIABLE = YES;
				IPHONEOS_DEPLOYMENT_TARGET = 12.0;
				MTL_ENABLE_DEBUG_INFO = NO;
				MTL_FAST_MATH = YES;
				SDKROOT = iphoneos;
				SWIFT_COMPILATION_MODE = wholemodule;
				SWIFT_OPTIMIZATION_LEVEL = "-O";
				VALIDATE_PRODUCT = YES;
			};
			name = Release;
		};
		342012D62AB8563E00E09A71 /* Debug */ = {
			isa = XCBuildConfiguration;
			baseConfigurationReference = CE8850D6CF2FA884660A1572 /* Pods-MyRecipeApp.debug.xcconfig */;
			buildSettings = {
				ASSETCATALOG_COMPILER_APPICON_NAME = AppIcon;
				ASSETCATALOG_COMPILER_GLOBAL_ACCENT_COLOR_NAME = AccentColor;
				CODE_SIGN_STYLE = Automatic;
				CURRENT_PROJECT_VERSION = 1;
				"EXCLUDED_ARCHS[sdk=iphonesimulator*]" = arm64;
				GENERATE_INFOPLIST_FILE = YES;
				INFOPLIST_FILE = MyRecipeApp/Resources/Info.plist;
				INFOPLIST_KEY_UIApplicationSupportsIndirectInputEvents = YES;
				INFOPLIST_KEY_UILaunchStoryboardName = LaunchScreen.storyboard;
				INFOPLIST_KEY_UIMainStoryboardFile = "";
				INFOPLIST_KEY_UISupportedInterfaceOrientations_iPhone = "UIInterfaceOrientationPortrait UIInterfaceOrientationLandscapeLeft UIInterfaceOrientationLandscapeRight";
				LD_RUNPATH_SEARCH_PATHS = (
					"$(inherited)",
					"@executable_path/Frameworks",
				);
				MARKETING_VERSION = 1.0;
				PRODUCT_BUNDLE_IDENTIFIER = "com.dnavarez.-.MyRecipeApp";
				PRODUCT_NAME = "$(TARGET_NAME)";
				SUPPORTED_PLATFORMS = "iphoneos iphonesimulator";
				SUPPORTS_MACCATALYST = NO;
				SUPPORTS_MAC_DESIGNED_FOR_IPHONE_IPAD = NO;
				SWIFT_EMIT_LOC_STRINGS = YES;
				SWIFT_VERSION = 5.0;
				TARGETED_DEVICE_FAMILY = 1;
			};
			name = Debug;
		};
		342012D72AB8563E00E09A71 /* Release */ = {
			isa = XCBuildConfiguration;
			baseConfigurationReference = 4F6EC918DFF488C3996E45DA /* Pods-MyRecipeApp.release.xcconfig */;
			buildSettings = {
				ASSETCATALOG_COMPILER_APPICON_NAME = AppIcon;
				ASSETCATALOG_COMPILER_GLOBAL_ACCENT_COLOR_NAME = AccentColor;
				CODE_SIGN_STYLE = Automatic;
				CURRENT_PROJECT_VERSION = 1;
				"EXCLUDED_ARCHS[sdk=iphonesimulator*]" = arm64;
				GENERATE_INFOPLIST_FILE = YES;
				INFOPLIST_FILE = MyRecipeApp/Resources/Info.plist;
				INFOPLIST_KEY_UIApplicationSupportsIndirectInputEvents = YES;
				INFOPLIST_KEY_UILaunchStoryboardName = LaunchScreen.storyboard;
				INFOPLIST_KEY_UIMainStoryboardFile = "";
				INFOPLIST_KEY_UISupportedInterfaceOrientations_iPhone = "UIInterfaceOrientationPortrait UIInterfaceOrientationLandscapeLeft UIInterfaceOrientationLandscapeRight";
				LD_RUNPATH_SEARCH_PATHS = (
					"$(inherited)",
					"@executable_path/Frameworks",
				);
				MARKETING_VERSION = 1.0;
				PRODUCT_BUNDLE_IDENTIFIER = "com.dnavarez.-.MyRecipeApp";
				PRODUCT_NAME = "$(TARGET_NAME)";
				SUPPORTED_PLATFORMS = "iphoneos iphonesimulator";
				SUPPORTS_MACCATALYST = NO;
				SUPPORTS_MAC_DESIGNED_FOR_IPHONE_IPAD = NO;
				SWIFT_EMIT_LOC_STRINGS = YES;
				SWIFT_VERSION = 5.0;
				TARGETED_DEVICE_FAMILY = 1;
			};
			name = Release;
		};
		342012D92AB8563E00E09A71 /* Debug */ = {
			isa = XCBuildConfiguration;
			baseConfigurationReference = 06A54BAA59BA24B9DC30DEC8 /* Pods-MyRecipeAppTests.debug.xcconfig */;
			buildSettings = {
				ALWAYS_EMBED_SWIFT_STANDARD_LIBRARIES = YES;
				BUNDLE_LOADER = "$(TEST_HOST)";
				CODE_SIGN_STYLE = Automatic;
				CURRENT_PROJECT_VERSION = 1;
				GENERATE_INFOPLIST_FILE = YES;
				IPHONEOS_DEPLOYMENT_TARGET = 16.4;
				MARKETING_VERSION = 1.0;
				PRODUCT_BUNDLE_IDENTIFIER = "com.dnavarez.-.MyRecipeAppTests";
				PRODUCT_NAME = "$(TARGET_NAME)";
				SWIFT_EMIT_LOC_STRINGS = NO;
				SWIFT_VERSION = 5.0;
				TARGETED_DEVICE_FAMILY = "1,2";
				TEST_HOST = "$(BUILT_PRODUCTS_DIR)/MyRecipeApp.app/$(BUNDLE_EXECUTABLE_FOLDER_PATH)/MyRecipeApp";
			};
			name = Debug;
		};
		342012DA2AB8563E00E09A71 /* Release */ = {
			isa = XCBuildConfiguration;
			baseConfigurationReference = 9184514AFB2E1EE26393E387 /* Pods-MyRecipeAppTests.release.xcconfig */;
			buildSettings = {
				ALWAYS_EMBED_SWIFT_STANDARD_LIBRARIES = YES;
				BUNDLE_LOADER = "$(TEST_HOST)";
				CODE_SIGN_STYLE = Automatic;
				CURRENT_PROJECT_VERSION = 1;
				GENERATE_INFOPLIST_FILE = YES;
				IPHONEOS_DEPLOYMENT_TARGET = 16.4;
				MARKETING_VERSION = 1.0;
				PRODUCT_BUNDLE_IDENTIFIER = "com.dnavarez.-.MyRecipeAppTests";
				PRODUCT_NAME = "$(TARGET_NAME)";
				SWIFT_EMIT_LOC_STRINGS = NO;
				SWIFT_VERSION = 5.0;
				TARGETED_DEVICE_FAMILY = "1,2";
				TEST_HOST = "$(BUILT_PRODUCTS_DIR)/MyRecipeApp.app/$(BUNDLE_EXECUTABLE_FOLDER_PATH)/MyRecipeApp";
			};
			name = Release;
		};
		342012DC2AB8563E00E09A71 /* Debug */ = {
			isa = XCBuildConfiguration;
			buildSettings = {
				ALWAYS_EMBED_SWIFT_STANDARD_LIBRARIES = YES;
				CODE_SIGN_STYLE = Automatic;
				CURRENT_PROJECT_VERSION = 1;
				GENERATE_INFOPLIST_FILE = YES;
				MARKETING_VERSION = 1.0;
				PRODUCT_BUNDLE_IDENTIFIER = "com.dnavarez.-.MyRecipeAppUITests";
				PRODUCT_NAME = "$(TARGET_NAME)";
				SWIFT_EMIT_LOC_STRINGS = NO;
				SWIFT_VERSION = 5.0;
				TARGETED_DEVICE_FAMILY = "1,2";
				TEST_TARGET_NAME = MyRecipeApp;
			};
			name = Debug;
		};
		342012DD2AB8563E00E09A71 /* Release */ = {
			isa = XCBuildConfiguration;
			buildSettings = {
				ALWAYS_EMBED_SWIFT_STANDARD_LIBRARIES = YES;
				CODE_SIGN_STYLE = Automatic;
				CURRENT_PROJECT_VERSION = 1;
				GENERATE_INFOPLIST_FILE = YES;
				MARKETING_VERSION = 1.0;
				PRODUCT_BUNDLE_IDENTIFIER = "com.dnavarez.-.MyRecipeAppUITests";
				PRODUCT_NAME = "$(TARGET_NAME)";
				SWIFT_EMIT_LOC_STRINGS = NO;
				SWIFT_VERSION = 5.0;
				TARGETED_DEVICE_FAMILY = "1,2";
				TEST_TARGET_NAME = MyRecipeApp;
			};
			name = Release;
		};
/* End XCBuildConfiguration section */

/* Begin XCConfigurationList section */
		342012A62AB8563C00E09A71 /* Build configuration list for PBXProject "MyRecipeApp" */ = {
			isa = XCConfigurationList;
			buildConfigurations = (
				342012D32AB8563E00E09A71 /* Debug */,
				342012D42AB8563E00E09A71 /* Release */,
			);
			defaultConfigurationIsVisible = 0;
			defaultConfigurationName = Release;
		};
		342012D52AB8563E00E09A71 /* Build configuration list for PBXNativeTarget "MyRecipeApp" */ = {
			isa = XCConfigurationList;
			buildConfigurations = (
				342012D62AB8563E00E09A71 /* Debug */,
				342012D72AB8563E00E09A71 /* Release */,
			);
			defaultConfigurationIsVisible = 0;
			defaultConfigurationName = Release;
		};
		342012D82AB8563E00E09A71 /* Build configuration list for PBXNativeTarget "MyRecipeAppTests" */ = {
			isa = XCConfigurationList;
			buildConfigurations = (
				342012D92AB8563E00E09A71 /* Debug */,
				342012DA2AB8563E00E09A71 /* Release */,
			);
			defaultConfigurationIsVisible = 0;
			defaultConfigurationName = Release;
		};
		342012DB2AB8563E00E09A71 /* Build configuration list for PBXNativeTarget "MyRecipeAppUITests" */ = {
			isa = XCConfigurationList;
			buildConfigurations = (
				342012DC2AB8563E00E09A71 /* Debug */,
				342012DD2AB8563E00E09A71 /* Release */,
			);
			defaultConfigurationIsVisible = 0;
			defaultConfigurationName = Release;
		};
/* End XCConfigurationList section */
	};
	rootObject = 342012A32AB8563C00E09A71 /* Project object */;
}
